{
  "version": 1,
  "dependencies": {
    ".NETCoreApp,Version=v5.0": {
      "Fable.Core": {
        "type": "Direct",
        "requested": "[3.2.6, )",
        "resolved": "3.2.6",
        "contentHash": "ny9YV3P41TMc6QF/YzGRk9DUqimhjm9HxeRyZch7wsHoZtyBfkcvzAcFDn7APBqO59jJzvg1n+RIG3aJMRtLdg==",
        "dependencies": {
          "FSharp.Core": "4.7.2"
        }
      },
      "Fable.Elmish": {
        "type": "Direct",
        "requested": "[3.1.0, )",
        "resolved": "3.1.0",
        "contentHash": "g6oAwxcKz4mIYvVlaPSrF+YoHrraJf8zpCK7cZpwtAHcbJdZkCmX9jaCYc85PaGOXywbUsulBOH5794HelUqZg==",
        "dependencies": {
          "FSharp.Core": "4.6.2",
          "Fable.Core": "3.0.0"
        }
      },
      "Fable.Elmish.Debugger": {
        "type": "Direct",
        "requested": "[3.2.0, )",
        "resolved": "3.2.0",
        "contentHash": "/Ti2zlhbT3sYU1ps8MBPE2oSVLqX7kctlozknOaI3yUrrj47ZlHW8RmtbIMRHjC5b3tyu+YHpC50zTzXRt1ShQ==",
        "dependencies": {
          "FSharp.Core": "4.7.0",
          "Fable.Core": "3.1.5",
          "Fable.Elmish": "3.0.0",
          "Thoth.Json": "4.0.0"
        }
      },
      "Fable.Elmish.HMR": {
        "type": "Direct",
        "requested": "[4.1.0, )",
        "resolved": "4.1.0",
        "contentHash": "JGKiA28wBunqZ2GQ5BbAA0a5wUppmwlAFM8BfmYUqzDkEtrVUDPq86sKzLTFkU3Xg8PPNIl+/6/J73+kkTpuaQ==",
        "dependencies": {
          "FSharp.Core": "4.6.2",
          "Fable.Core": "3.0.0",
          "Fable.Elmish.Browser": "3.0.4",
          "Fable.Elmish.React": "3.0.1"
        }
      },
      "Fable.Elmish.React": {
        "type": "Direct",
        "requested": "[3.0.1, )",
        "resolved": "3.0.1",
        "contentHash": "4VG0iY/Qdz0DR1G9VkwsYY+iDcLMnTUYV0h8LoJluvgfoHUe1BFcyK+C01MU5e15SZzHtRMdTbNcEeG3kPBcrQ==",
        "dependencies": {
          "FSharp.Core": "4.6.2",
          "Fable.Core": "3.0.0",
          "Fable.Elmish": "3.0.0",
          "Fable.React": "5.1.0"
        }
      },
      "Fable.FontAwesome.Free": {
        "type": "Direct",
        "requested": "[2.1.0, )",
        "resolved": "2.1.0",
        "contentHash": "vDqLIOrEHO+XGXr3WKaUEkbvO9ZLASUSHowAKPxPpdev23xLeTilOBNHMR9HSV0w9kLEgRIDnr4AhtQ6efGX0A==",
        "dependencies": {
          "Fable.Core": "3.0.0",
          "Fable.FontAwesome": "2.0.0",
          "Fable.React": "5.1.0"
        }
      },
      "Fable.React": {
        "type": "Direct",
        "requested": "[7.3.0, )",
        "resolved": "7.3.0",
        "contentHash": "9ygRzToUxnk84rXmc4b7eQat+SQlVCfGgmZxlDZrzQ5wHTZrEAujVMEt/fuizadbilJOYB7k+Uulj8tM4Ixx2g==",
        "dependencies": {
          "FSharp.Core": "5.0.0",
          "Fable.Browser.Dom": "2.0.1",
          "Fable.Core": "3.1.5"
        }
      },
      "Feliz": {
        "type": "Direct",
        "requested": "[1.43.0, )",
        "resolved": "1.43.0",
        "contentHash": "PE8fi79hZkLCeacYoZjucBedXnRf0eYDwJDxKIMV5EwtPJATav4tGBPLavbfdd7Nli6jG7EshzkzNplKnjQFNg==",
        "dependencies": {
          "FSharp.Core": "4.7.2",
          "Fable.Core": "3.1.5",
          "Fable.React": "7.0.1",
          "Feliz.CompilerPlugins": "1.5.0"
        }
      },
      "Feliz.Bulma": {
        "type": "Direct",
        "requested": "[2.14.0, )",
        "resolved": "2.14.0",
        "contentHash": "48/La4tr9X2xTJOv16uOqqaE6oHgECHcpCDcX7d7aAshGzOg15yQgjtko8wgvFcL6RC+U7GIJXxjaHdQi7aILw==",
        "dependencies": {
          "FSharp.Core": "5.0.0",
          "Feliz": "1.32.0"
        }
      },
      "FSharp.Core": {
        "type": "Direct",
        "requested": "[5.0.0, )",
        "resolved": "5.0.0",
        "contentHash": "iHoYXA0VaSQUONGENB1aVafjDDZDZpwu39MtaRCTrmwFW/cTcK0b2yKNVYneFHJMc3ChtsSoM9lNtJ1dYXkHfA=="
      },
      "Thoth.Fetch": {
        "type": "Direct",
        "requested": "[2.0.0, )",
        "resolved": "2.0.0",
        "contentHash": "cJ+4DIb9HwmJAUVnHTicrG/ML0qSXUpzvgFRDBbQCiqJS9Sr043JJuiiabuMlLL7gmUFFMpSXYg/yrLKU5x0XA==",
        "dependencies": {
          "FSharp.Core": "4.7.0",
          "Fable.Core": "3.1.5",
          "Fable.Fetch": "2.1.0",
          "Fable.Promise": "2.0.0",
          "Thoth.Json": "4.0.0"
        }
      },
      "Thoth.Json": {
        "type": "Direct",
        "requested": "[5.1.0, )",
        "resolved": "5.1.0",
        "contentHash": "qE/4oEwH6wfxiK5EUT1RYImILizDVyWVXFJbcRjdd62CycVqd9stAnYQhVrU3Euq1LeC4Xgm58w7zDc+KSglYg==",
        "dependencies": {
          "FSharp.Core": "4.7.2",
          "Fable.Core": "3.1.6"
        }
      },
      "Fable.AST": {
        "type": "Transitive",
        "resolved": "3.0.0",
        "contentHash": "ZOdBEEBln959E+F7vGim1zvf80iJAFWtH/hAcQRAU9aCs/8ZGf/kWk7TdlW0xuRK50dvALgWZKJc0Hd/2OP0XA=="
      },
      "Fable.Browser.Blob": {
        "type": "Transitive",
        "resolved": "1.1.0",
        "contentHash": "xMX7hPFwBUGuj75xLlH6VsVThZjRlGW4zOqXb1X+byRPLSBE91vtn9EueNUB+YpGhE9LfrtakIPNGy+dkoMkjg==",
        "dependencies": {
          "FSharp.Core": "4.6.2",
          "Fable.Core": "3.0.0"
        }
      },
      "Fable.Browser.Dom": {
        "type": "Transitive",
        "resolved": "2.0.1",
        "contentHash": "1ajwxasfdbeFeh8OsgiuAScMZuWQkZpWHwZRi0J265nD0YMo4hqItX9/fmCwLnwln1OWbpbgpnZCDfwnhcR75A==",
        "dependencies": {
          "FSharp.Core": "4.7.0",
          "Fable.Browser.Blob": "1.1.0",
          "Fable.Browser.Event": "1.2.1",
          "Fable.Browser.WebStorage": "1.0.0",
          "Fable.Core": "3.0.0"
        }
      },
      "Fable.Browser.Event": {
        "type": "Transitive",
        "resolved": "1.2.1",
        "contentHash": "cK8rajjSCe1b3iFzC5sN4v8hTqUq9CpferJsYQOec0BCh9rKqPKk1xT34j/Afs0/+LJLgcmZjzqtgcyk5yhvzw==",
        "dependencies": {
          "FSharp.Core": "4.7.0",
          "Fable.Core": "3.0.0"
        }
      },
      "Fable.Browser.WebStorage": {
        "type": "Transitive",
        "resolved": "1.0.0",
        "contentHash": "ZqnZKYkhPO+wmJPxQqtiwSc3zCC/mB37SPlVi4ZLiHoPFnra7SQ3qaRn4/ENYTeaVtVq92eVaYbTyAOnFn+GPA==",
        "dependencies": {
          "FSharp.Core": "4.5.2",
          "Fable.Browser.Event": "1.0.0",
          "Fable.Core": "3.0.0"
        }
      },
      "Fable.Elmish.Browser": {
        "type": "Transitive",
        "resolved": "3.0.4",
        "contentHash": "ISrc1kl9Q0xvSgGl3zT7Xd7mFZqYY9kczV8MBW2/KX/V7hANWRgsEL9miZFEp7SsIjuwQJKe5EYSKbWjgW7J8A==",
        "dependencies": {
          "FSharp.Core": "4.6.2",
          "Fable.Browser.Dom": "1.0.0",
          "Fable.Core": "3.0.0",
          "Fable.Elmish": "3.0.0"
        }
      },
      "Fable.Fetch": {
        "type": "Transitive",
        "resolved": "2.1.0",
        "contentHash": "SxRmYAuVfHO3IBLk1CkV32L2jnaDxdcMu+Pe4EH+P2ErYrvgErp0QLUc56kaydWsLfQM86uft+NSapYS3FB0FA==",
        "dependencies": {
          "FSharp.Core": "4.6.2",
          "Fable.Browser.Blob": "1.1.0",
          "Fable.Core": "3.0.0",
          "Fable.Promise": "2.0.0"
        }
      },
      "Fable.FontAwesome": {
        "type": "Transitive",
        "resolved": "2.0.0",
        "contentHash": "UUa9RaS2ZQy6W7+fVhvGy2fl9iVttvDlZovtFr25BOWxCw5aWiXCIn6QraL8rrcIwlCLJzMT3kx5qk9nMtcWVA==",
        "dependencies": {
          "Fable.Core": "3.0.0",
          "Fable.React": "5.1.0"
        }
      },
      "Fable.Promise": {
        "type": "Transitive",
        "resolved": "2.0.0",
        "contentHash": "rA9VD2uJTObnb8ghNmg/MTd8xMOJlVHmgNeKrP8SFMOP+tQ2tEDTf8xJ21HeR8ncuNxJP2CQkAfVlDxrLoHjZg==",
        "dependencies": {
          "FSharp.Core": "4.5.2",
          "Fable.Core": "3.0.0"
        }
      },
      "Feliz.CompilerPlugins": {
        "type": "Transitive",
        "resolved": "1.5.0",
        "contentHash": "zOO/CFX+A24dHnj/XAg81f6O5Ehk9vHk4YSzRZqBejeSJoecQNvcqX/WE7VbpvDenYYAj4ufLI+MecWMipeULg==",
        "dependencies": {
          "FSharp.Core": "4.7.2",
          "Fable.AST": "3.0.0"
        }
      },
      "shared": {
        "type": "Project",
        "dependencies": {
          "FSharp.Core": "5.0.0"
        }
      }
    }
  }
}